version = 1
revision = 3
requires-python = "==3.12.*"

[[package]]
name = "colorama"
version = "0.4.6"
source = { registry = "https://pypi.org/simple" }
sdist = { url = "https://files.pythonhosted.org/packages/d8/53/6f443c9a4a8358a93a6792e2acffb9d9d5cb0a5cfd8802644b7b1c9a02e4/colorama-0.4.6.tar.gz", hash = "sha256:08695f5cb7ed6e0531a20572697297273c47b8cae5a63ffc6d6ed5c201be6e44", size = 27697, upload-time = "2022-10-25T02:36:22.414Z" }
wheels = [
    { url = "https://files.pythonhosted.org/packages/d1/d6/3965ed04c63042e047cb6a3e6ed1a63a35087b6a609aa3a15ed8ac56c221/colorama-0.4.6-py2.py3-none-any.whl", hash = "sha256:4f1d9991f5acc0ca119f9d443620b77f9d6b33703e51011c16baf57afb285fc6", size = 25335, upload-time = "2022-10-25T02:36:20.889Z" },
]

[[package]]
name = "eftb-tools"
version = "1.0.0"
source = { editable = "." }
dependencies = [
    { name = "tqdm" },
]

[package.dev-dependencies]
dev = [
    { name = "pytest" },
    { name = "ruff" },
    { name = "ty" },
    { name = "types-tqdm" },
]

[package.metadata]
requires-dist = [{ name = "tqdm", specifier = ">=4.67.3" }]

[package.metadata.requires-dev]
dev = [
    { name = "pytest", specifier = ">=9.0.3" },
    { name = "ruff", specifier = ">=0.8.0" },
    { name = "ty" },
    { name = "types-tqdm", specifier = ">=4.67.3.20260518" },
]

[[package]]
name = "iniconfig"
version = "2.3.0"
source = { registry = "https://pypi.org/simple" }
sdist = { url = "https://files.pythonhosted.org/packages/72/34/14ca021ce8e5dfedc35312d08ba8bf51fdd999c576889fc2c24cb97f4f10/iniconfig-2.3.0.tar.gz", hash = "sha256:c76315c77db068650d49c5b56314774a7804df16fee4402c1f19d6d15d8c4730", size = 20503, upload-time = "2025-10-18T21:55:43.219Z" }
wheels = [
    { url = "https://files.pythonhosted.org/packages/cb/b1/3846dd7f199d53cb17f49cba7e651e9ce294d8497c8c150530ed11865bb8/iniconfig-2.3.0-py3-none-any.whl", hash = "sha256:f631c04d2c48c52b84d0d0549c99ff3859c98df65b3101406327ecc7d53fbf12", size = 7484, upload-time = "2025-10-18T21:55:41.639Z" },
]

[[package]]
name = "packaging"
version = "26.2"
source = { registry = "https://pypi.org/simple" }
sdist = { url = "https://files.pythonhosted.org/packages/d7/f1/e7a6dd94a8d4a5626c03e4e99c87f241ba9e350cd9e6d75123f992427270/packaging-26.2.tar.gz", hash = "sha256:ff452ff5a3e828ce110190feff1178bb1f2ea2281fa2075aadb987c2fb221661", size = 228134, upload-time = "2026-04-24T20:15:23.917Z" }
wheels = [
    { url = "https://files.pythonhosted.org/packages/df/b2/87e62e8c3e2f4b32e5fe99e0b86d576da1312593b39f47d8ceef365e95ed/packaging-26.2-py3-none-any.whl", hash = "sha256:5fc45236b9446107ff2415ce77c807cee2862cb6fac22b8a73826d0693b0980e", size = 100195, upload-time = "2026-04-24T20:15:22.081Z" },
]

[[package]]
name = "pluggy"
version = "1.6.0"
source = { registry = "https://pypi.org/simple" }
sdist = { url = "https://files.pythonhosted.org/packages/f9/e2/3e91f31a7d2b083fe6ef3fa267035b518369d9511ffab804f839851d2779/pluggy-1.6.0.tar.gz", hash = "sha256:7dcc130b76258d33b90f61b658791dede3486c3e6bfb003ee5c9bfb396dd22f3", size = 69412, upload-time = "2025-05-15T12:30:07.975Z" }
wheels = [
    { url = "https://files.pythonhosted.org/packages/54/20/4d324d65cc6d9205fabedc306948156824eb9f0ee1633355a8f7ec5c66bf/pluggy-1.6.0-py3-none-any.whl", hash = "sha256:e920276dd6813095e9377c0bc5566d94c932c33b27a3e3945d8389c374dd4746", size = 20538, upload-time = "2025-05-15T12:30:06.134Z" },
]

[[package]]
name = "pygments"
version = "2.20.0"
source = { registry = "https://pypi.org/simple" }
sdist = { url = "https://files.pythonhosted.org/packages/c3/b2/bc9c9196916376152d655522fdcebac55e66de6603a76a02bca1b6414f6c/pygments-2.20.0.tar.gz", hash = "sha256:6757cd03768053ff99f3039c1a36d6c0aa0b263438fcab17520b30a303a82b5f", size = 4955991, upload-time = "2026-03-29T13:29:33.898Z" }
wheels = [
    { url = "https://files.pythonhosted.org/packages/f4/7e/a72dd26f3b0f4f2bf1dd8923c85f7ceb43172af56d63c7383eb62b332364/pygments-2.20.0-py3-none-any.whl", hash = "sha256:81a9e26dd42fd28a23a2d169d86d7ac03b46e2f8b59ed4698fb4785f946d0176", size = 1231151, upload-time = "2026-03-29T13:29:30.038Z" },
]

[[package]]
name = "pytest"
version = "9.0.3"
source = { registry = "https://pypi.org/simple" }
dependencies = [
    { name = "colorama", marker = "sys_platform == 'win32'" },
    { name = "iniconfig" },
    { name = "packaging" },
    { name = "pluggy" },
    { name = "pygments" },
]
sdist = { url = "https://files.pythonhosted.org/packages/7d/0d/549bd94f1a0a402dc8cf64563a117c0f3765662e2e668477624baeec44d5/pytest-9.0.3.tar.gz", hash = "sha256:b86ada508af81d19edeb213c681b1d48246c1a91d304c6c81a427674c17eb91c", size = 1572165, upload-time = "2026-04-07T17:16:18.027Z" }
wheels = [
    { url = "https://files.pythonhosted.org/packages/d4/24/a372aaf5c9b7208e7112038812994107bc65a84cd00e0354a88c2c77a617/pytest-9.0.3-py3-none-any.whl", hash = "sha256:2c5efc453d45394fdd706ade797c0a81091eccd1d6e4bccfcd476e2b8e0ab5d9", size = 375249, upload-time = "2026-04-07T17:16:16.13Z" },
]

[[package]]
name = "ruff"
version = "0.15.14"
source = { registry = "https://pypi.org/simple" }
sdist = { url = "https://files.pythonhosted.org/packages/dc/8a/8bce2894573e9dae6ff4d77fe34ad727d79b9e6238ad288c5638990d90f6/ruff-0.15.14.tar.gz", hash = "sha256:48e866b165be4a9bdbf310f7d3c9a07edef2fe8cd63ffeb4e00bb590506ebf9f", size = 4700910, upload-time = "2026-05-21T14:34:55.177Z" }
wheels = [
    { url = "https://files.pythonhosted.org/packages/b9/c8/74a92c6ff9fcfb4f1f947126d3ebee8389276e161ecc85de5bda7cda51bd/ruff-0.15.14-py3-none-linux_armv6l.whl", hash = "sha256:8dd2db9416e487c8d4b01fa7056bb02c4d05969d4f8d17a08c229c2f4ff3c108", size = 10739177, upload-time = "2026-05-21T14:34:37.332Z" },
    { url = "https://files.pythonhosted.org/packages/45/91/254a35c20acc38a7223c9d2d594af12e794432464f2cdeb52af1dc4a892d/ruff-0.15.14-py3-none-macosx_10_12_x86_64.whl", hash = "sha256:be4ff55af755bd71a00ab3dc6bd7ffc467bd76e0df6881e286c2e3d23e8fb43b", size = 11144969, upload-time = "2026-05-21T14:34:43.978Z" },
    { url = "https://files.pythonhosted.org/packages/56/9e/d13e40f83b8d0a94430e6778ce1d94a43b38cf2efe63278bdd2b4c65abbf/ruff-0.15.14-py3-none-macosx_11_0_arm64.whl", hash = "sha256:48d5909d7d06276ce7dde6d32bfa4b0d4cb2651145cd8ee4b440722cbc77832f", size = 10478207, upload-time = "2026-05-21T14:34:48.378Z" },
    { url = "https://files.pythonhosted.org/packages/8d/f1/b15a7839fa4f332f8acec78e20564f26bb2d866e3d21710b877fd0263000/ruff-0.15.14-py3-none-manylinux_2_17_aarch64.manylinux2014_aarch64.whl", hash = "sha256:ca8cbfa94c4f90984a67561978602746d4cd27103568f745fa90eee3f0d4107d", size = 10818459, upload-time = "2026-05-21T14:34:22.318Z" },
    { url = "https://files.pythonhosted.org/packages/45/33/53d651177f84f94b400a0e27f8824eeada3dddc9d5ee8aeb048f4352a520/ruff-0.15.14-py3-none-manylinux_2_17_armv7l.manylinux2014_armv7l.whl", hash = "sha256:9a6bbc0333f1ab053423bcbf6226477d266ca7cec7738c4c8e3f55647803f3c4", size = 10541800, upload-time = "2026-05-21T14:34:20.209Z" },
    { url = "https://files.pythonhosted.org/packages/b8/a6/868f87e0bf9786ed24b5d0d0ad8676b8a94fd1912f42cddf9cfc7857818a/ruff-0.15.14-py3-none-manylinux_2_17_i686.manylinux2014_i686.whl", hash = "sha256:8a24a4f7605d7003a6674d4387651effd939dead3fddd0f36561eb77a9a2e542", size = 11342149, upload-time = "2026-05-21T14:34:46.365Z" },
    { url = "https://files.pythonhosted.org/packages/a7/8b/38cd5c19faffdcc05a408d2b78edccc69492ab9720eadb49ea15ef80d768/ruff-0.15.14-py3-none-manylinux_2_17_ppc64le.manylinux2014_ppc64le.whl", hash = "sha256:049b5326e53ed80978f2fc041a280603f69dd6b0c95464342a2bb4572d9d9e2f", size = 12212563, upload-time = "2026-05-21T14:34:28.579Z" },
    { url = "https://files.pythonhosted.org/packages/3e/4d/a3c5b874a556d5731e3e657aaf04311bb76f0a5c3ec220ed43051be6b64b/ruff-0.15.14-py3-none-manylinux_2_17_s390x.manylinux2014_s390x.whl", hash = "sha256:d4ed42e6696c8dfa5f06728e6441993901f548eb92d73bc472cb5a38d1395fbf", size = 11493299, upload-time = "2026-05-21T14:34:41.836Z" },
    { url = "https://files.pythonhosted.org/packages/1e/c0/56472c251d09858a53e51efbd485b09e1995d8731668b76d52e5dd6ee0f1/ruff-0.15.14-py3-none-manylinux_2_17_x86_64.manylinux2014_x86_64.whl", hash = "sha256:715c543cf450c4888251f91c52f1942a800541d9bddd7ac060aa4e6b77ae7cba", size = 11455931, upload-time = "2026-05-21T14:34:57.276Z" },
    { url = "https://files.pythonhosted.org/packages/2c/4a/e2e7b4d8dbf233d4eace59c75bc3435fa6d8bd3bae82d351d4e4300c0fd1/ruff-0.15.14-py3-none-manylinux_2_31_riscv64.whl", hash = "sha256:72ebab6013ec887d439d8b7593737a0a4ffb06d45d209d4e4bf2e92813082d3f", size = 11400794, upload-time = "2026-05-21T14:34:39.773Z" },
    { url = "https://files.pythonhosted.org/packages/97/c7/83c0539fe34c3e09136204d1e75d6052492364e0b3cb05e9465423f567d7/ruff-0.15.14-py3-none-musllinux_1_2_aarch64.whl", hash = "sha256:49072d36abdbe97a8dd7f480afe9c675699c0c495d4c84076e2c1203c4550581", size = 10804759, upload-time = "2026-05-21T14:34:31.045Z" },
    { url = "https://files.pythonhosted.org/packages/86/a6/18f2bfc095a2ab4a78745644e428205532ce6653a5d0fa8501572891534d/ruff-0.15.14-py3-none-musllinux_1_2_armv7l.whl", hash = "sha256:958522aee105068640c2c2ceae08f413ae44d922f52a1374ac13d6a96032fc93", size = 10539517, upload-time = "2026-05-21T14:34:53.064Z" },
    { url = "https://files.pythonhosted.org/packages/54/3a/5a8b3b69c654d4e4bf1d246ac5b49cbcdac6eaab6905925f8915f31e3b80/ruff-0.15.14-py3-none-musllinux_1_2_i686.whl", hash = "sha256:f3707da619a143a2e8830e2abab8224478d69ace2d28cb6c20543ae97c36bf61", size = 11065169, upload-time = "2026-05-21T14:34:24.484Z" },
    { url = "https://files.pythonhosted.org/packages/ed/c5/8864e4e7925b836ea354b31d57641ec03830564e281a8b6f061f8c3e0ec1/ruff-0.15.14-py3-none-musllinux_1_2_x86_64.whl", hash = "sha256:bb01d645694e3ec0102105d07ef2d53703970407d59c04e59d3ba0b7a1d53553", size = 11560214, upload-time = "2026-05-21T14:34:50.975Z" },
    { url = "https://files.pythonhosted.org/packages/36/38/012bf76752e1f89ed50b77b99532d90f3a3e287bc7918e1fc0948ac866ac/ruff-0.15.14-py3-none-win32.whl", hash = "sha256:6d0c1ad2a0ab718d39b6d8fd2217981ce4d625cd96a720095f798fb47d8b13e6", size = 10805548, upload-time = "2026-05-21T14:34:33.453Z" },
    { url = "https://files.pythonhosted.org/packages/d1/b7/4ea2c170f10ad760fff2a5250beb18897719dc8b52b53a24cddbb9dd3f19/ruff-0.15.14-py3-none-win_amd64.whl", hash = "sha256:802342981e056db3851a7836e5b070f8f15f67d4a685ae2a6160939d364b2902", size = 11939523, upload-time = "2026-05-21T14:34:18.077Z" },
    { url = "https://files.pythonhosted.org/packages/62/d5/bc97ff895ec35cf3925d4bd60f3b39d822f377a446906ec9bcc87405e59b/ruff-0.15.14-py3-none-win_arm64.whl", hash = "sha256:ff47b90a9ef6a40c9e2f3b479c1fb78531adf055b94c1eba0a7ba04b31951826", size = 11208607, upload-time = "2026-05-21T14:34:26.525Z" },
]

[[package]]
name = "tqdm"
version = "4.67.3"
source = { registry = "https://pypi.org/simple" }
dependencies = [
    { name = "colorama", marker = "sys_platform == 'win32'" },
]
sdist = { url = "https://files.pythonhosted.org/packages/09/a9/6ba95a270c6f1fbcd8dac228323f2777d886cb206987444e4bce66338dd4/tqdm-4.67.3.tar.gz", hash = "sha256:7d825f03f89244ef73f1d4ce193cb1774a8179fd96f31d7e1dcde62092b960bb", size = 169598, upload-time = "2026-02-03T17:35:53.048Z" }
wheels = [
    { url = "https://files.pythonhosted.org/packages/16/e1/3079a9ff9b8e11b846c6ac5c8b5bfb7ff225eee721825310c91b3b50304f/tqdm-4.67.3-py3-none-any.whl", hash = "sha256:ee1e4c0e59148062281c49d80b25b67771a127c85fc9676d3be5f243206826bf", size = 78374, upload-time = "2026-02-03T17:35:50.982Z" },
]

[[package]]
name = "ty"
version = "0.0.66"
source = { registry = "https://pypi.org/simple" }
sdist = { url = "https://files.pythonhosted.org/packages/cd/58/4f6ab2a86589e422a3cf840bcf6114c565e4c39ddf4d0b7cd328af5b52b4/ty-0.0.66.tar.gz", hash = "sha256:24bddd4479ce445b51ac015410dd2d34af1cadd62a77f5b3cb269149ed83f9b5", size = 6520402, upload-time = "2026-08-04T01:09:47.714Z" }
wheels = [
    { url = "https://files.pythonhosted.org/packages/45/4d/bbc28310d6d887ef73e5800f062c4bf54caa35a1b47d70c7b03d0515ecf1/ty-0.0.66-py3-none-linux_armv6l.whl", hash = "sha256:8b46450438b54b732338e4d7a78a7d2f5e1a012a13d77d121aacaca20fb814e2", size = 12409743, upload-time = "2026-08-04T01:09:01.229Z" },
    { url = "https://files.pythonhosted.org/packages/73/4e/c3d2eb2242fa0a2ef445ca2c7009dc9118e5b3dcb8b8a8bec70d58c8e4bc/ty-0.0.66-py3-none-macosx_10_12_x86_64.whl", hash = "sha256:8e4adbe662bc3c62b52b83d46b07f703fdc3c123bb72601606c58be5ea017ed3", size = 12078362, upload-time = "2026-08-04T01:09:04.233Z" },
    { url = "https://files.pythonhosted.org/packages/fa/ba/7a4b5e45d701a8de6b714dacf6ffca91b0411baaceaa781d494037623a18/ty-0.0.66-py3-none-macosx_11_0_arm64.whl", hash = "sha256:776814351735847eb934f9a3cbea21d2278ba14aa0fc099f683da11bc2d5c90a", size = 11583289, upload-time = "2026-08-04T01:09:06.973Z" },
    { url = "https://files.pythonhosted.org/packages/4a/4a/fbb1f71ee2999f981f8c4b3b139231e4bcff4ede0c3b37e858fd1334ed26/ty-0.0.66-py3-none-manylinux_2_17_aarch64.manylinux2014_aarch64.whl", hash = "sha256:cca1da877f613965b954bfd22d495386e260ec767c5536c8022cca98a260ea5d", size = 12137274, upload-time = "2026-08-04T01:09:09.592Z" },
    { url = "https://files.pythonhosted.org/packages/d5/07/9e0662f6603a5ac171ae6b314396e677ead4b45695fc948efb0a4837051f/ty-0.0.66-py3-none-manylinux_2_17_armv7l.manylinux2014_armv7l.whl", hash = "sha256:aa523e777bc36c0fbf8ded5844096f46cbfc3712fe5a003351a94259b7e86cf4", size = 12207047, upload-time = "2026-08-04T01:09:12.533Z" },
    { url = "https://files.pythonhosted.org/packages/bb/cc/12e01bc2ea47fa7bf20fc6cdd3249d6a340be9be4edc52b1d77256245dd0/ty-0.0.66-py3-none-manylinux_2_17_i686.manylinux2014_i686.whl", hash = "sha256:3f7993c1f95f80a4e44056e6aaf8e46e608d778db131ae5ce59262ab59358f9a", size = 12919304, upload-time = "2026-08-04T01:09:15.175Z" },
    { url = "https://files.pythonhosted.org/packages/75/88/c6c0d3a8e71c9cdb560cc5c627a4bba6c47b5eec460b2f8c449b57c6d03a/ty-0.0.66-py3-none-manylinux_2_17_ppc64le.manylinux2014_ppc64le.whl", hash = "sha256:f9b29354bcbac9f53b6952d8f46789bd81eeb9bdd7a68df7d26e654ca7498c3c", size = 13470963, upload-time = "2026-08-04T01:09:17.849Z" },
    { url = "https://files.pythonhosted.org/packages/27/c2/2f8c18063412ad80e1b3f87afce7bd50982b4a048166607b67f80660a9fb/ty-0.0.66-py3-none-manylinux_2_17_s390x.manylinux2014_s390x.whl", hash = "sha256:fbf4e5325f7f584d9c346946e7c415b2e3cd3b8f1119d468082a90a6afd020ce", size = 13244773, upload-time = "2026-08-04T01:09:20.59Z" },
    { url = "https://files.pythonhosted.org/packages/ed/f6/fdae2b95831116dffc055ad53a99a8f21437263651047b3ad46def4950a3/ty-0.0.66-py3-none-manylinux_2_17_x86_64.manylinux2014_x86_64.whl", hash = "sha256:7bd304363764bd723c22fb20b17035c345420fdf66fee856934b158ebde08a91", size = 12751343, upload-time = "2026-08-04T01:09:23.225Z" },
    { url = "https://files.pythonhosted.org/packages/14/1e/7e75f0371d11463a256dc2bee98b0df401e0fa06021e200b8b601d21949d/ty-0.0.66-py3-none-manylinux_2_31_riscv64.whl", hash = "sha256:205d8589bd957ea9718d488b731b2fbdd0d1b1cefd37c79f52c0deb7cafddfef", size = 13068057, upload-time = "2026-08-04T01:09:26.052Z" },
    { url = "https://files.pythonhosted.org/packages/b4/84/f20f24518f6f0bea936e2e668ede250b9ce0774624559931599bd1f42772/ty-0.0.66-py3-none-musllinux_1_2_aarch64.whl", hash = "sha256:7304a1df54741a2343801354f41d7ad87974acb541ee3e93c26cb6a1a0b863af", size = 12082318, upload-time = "2026-08-04T01:09:28.877Z" },
    { url = "https://files.pythonhosted.org/packages/08/20/70ca0eac2427d4a58a81a3a9426b20e46fb4a5a13aefc9edc2e5172e1243/ty-0.0.66-py3-none-musllinux_1_2_armv7l.whl", hash = "sha256:cf2c062863e5da0f588b0b120fec0da2e81c0913ee4cd07b50d77aa60ffd8deb", size = 12228978, upload-time = "2026-08-04T01:09:31.905Z" },
    { url = "https://files.pythonhosted.org/packages/7c/01/5a461ab34456d788248780830aed673c9e0e796f6e9dd92d3dbf02e04d7f/ty-0.0.66-py3-none-musllinux_1_2_i686.whl", hash = "sha256:a58d32c879d86428978332adf21e85009ec269314a23d330c3483c65b57aedc7", size = 12471917, upload-time = "2026-08-04T01:09:34.418Z" },
    { url = "https://files.pythonhosted.org/packages/46/ed/f8eb5eff7c9ee644490c6d2626425935c097acc54871adf659ea70624a2c/ty-0.0.66-py3-none-musllinux_1_2_x86_64.whl", hash = "sha256:b2f810fa3516c977630d78dbe9161592b3c27029fa9bb81074366624d9b5e4b6", size = 12858086, upload-time = "2026-08-04T01:09:37.602Z" },
    { url = "https://files.pythonhosted.org/packages/02/7f/8a78361f752274a550a7f6f07f127b246ece7d7fdde31121d22074e46eab/ty-0.0.66-py3-none-win32.whl", hash = "sha256:d28c3df565a387c1c5ea359aa452a46d19163616ef71be819058a424a62f1ae1", size = 11782494, upload-time = "2026-08-04T01:09:40.136Z" },
    { url = "https://files.pythonhosted.org/packages/7d/e2/deed22b823ce309b8410d50414fd15afe9e90aee8b8ca04789ba55c21231/ty-0.0.66-py3-none-win_amd64.whl", hash = "sha256:e3a457f3312c078f24c47d0da6e4f73de34d0a77ed2de22571c066c80b2fd5e7", size = 12893338, upload-time = "2026-08-04T01:09:42.825Z" },
    { url = "https://files.pythonhosted.org/packages/f9/ce/6c828f42ef1ed39f53f57f9c0cdcdf03e23666fa7a29d799042a2c34bcb4/ty-0.0.66-py3-none-win_arm64.whl", hash = "sha256:2f62ae247b9c75674fcc060635f9f00210357da7681de59234d97b50fb9e9e94", size = 12227381, upload-time = "2026-08-04T01:09:45.365Z" },
]

[[package]]
name = "types-requests"
version = "2.33.0.20260518"
source = { registry = "https://pypi.org/simple" }
dependencies = [
    { name = "urllib3" },
]
sdist = { url = "https://files.pythonhosted.org/packages/e0/01/c5a19253fe1ac159159ddf9a3a07cec8bb5e486ec4d9002ad2821da0e5d2/types_requests-2.33.0.20260518.tar.gz", hash = "sha256:df7bd3bfe0ca8402dfb841e7d9be714bb5578203283d66d7dc4ef69343449a5e", size = 24752, upload-time = "2026-05-18T06:07:37.966Z" }
wheels = [
    { url = "https://files.pythonhosted.org/packages/1c/bc/b139710a3b6018f7fb2b9508b35c8af564e61bf2bf4fa619d088f3e16f85/types_requests-2.33.0.20260518-py3-none-any.whl", hash = "sha256:626d697d1adaaff76e2044dc8c5c051d8f21abc157bdfe204a75558076fe0bf0", size = 21391, upload-time = "2026-05-18T06:07:37.044Z" },
]

[[package]]
name = "types-tqdm"
version = "4.67.3.20260518"
source = { registry = "https://pypi.org/simple" }
dependencies = [
    { name = "types-requests" },
]
sdist = { url = "https://files.pythonhosted.org/packages/72/8c/8216f9030027dc96c776b0307cb06da9f3c3756ef00e98f1eb332e04a33c/types_tqdm-4.67.3.20260518.tar.gz", hash = "sha256:1f0cf61de56a76a454fbe2c6cc48d05e483470a38f8a9071893b923e7be47190", size = 18208, upload-time = "2026-05-18T06:08:04.417Z" }
wheels = [
    { url = "https://files.pythonhosted.org/packages/56/59/dbe84f71186645b821cf63f71fc746e1455fbce074594a86f486bee8dc89/types_tqdm-4.67.3.20260518-py3-none-any.whl", hash = "sha256:4969f5b97257c6d082c163d7a0715fffe7a83cb6863e108eac45c3fb82305a68", size = 24586, upload-time = "2026-05-18T06:08:03.568Z" },
]

[[package]]
name = "urllib3"
version = "2.7.0"
source = { registry = "https://pypi.org/simple" }
sdist = { url = "https://files.pythonhosted.org/packages/53/0c/06f8b233b8fd13b9e5ee11424ef85419ba0d8ba0b3138bf360be2ff56953/urllib3-2.7.0.tar.gz", hash = "sha256:231e0ec3b63ceb14667c67be60f2f2c40a518cb38b03af60abc813da26505f4c", size = 433602, upload-time = "2026-05-07T16:13:18.596Z" }
wheels = [
    { url = "https://files.pythonhosted.org/packages/7f/3e/5db95bcf282c52709639744ca2a8b149baccf648e39c8cc87553df9eae0c/urllib3-2.7.0-py3-none-any.whl", hash = "sha256:9fb4c81ebbb1ce9531cce37674bbc6f1360472bc18ca9a553ede278ef7276897", size = 131087, upload-time = "2026-05-07T16:13:17.151Z" },
]
